
Microsoft Visual Studio Solution File, Format Version 12.00
# Visual Studio Version 16
VisualStudioVersion = 16.0.33927.289
MinimumVisualStudioVersion = 10.0.40219.1
Project("{2150E333-8FDC-42A3-9474-1A3956D46DE8}") = "Task0", "Task0", "{2A494301-9C87-4A21-A93E-BD24812D4184}"
EndProject
Project("{FAE04EC0-301F-11D3-BF4B-00C04F79EFBC}") = "Tyuiu.PoleschukKR.Sprint5.Task0.V22", "Tyuiu.PoleschukKR.Sprint5.Task0.V22\Tyuiu.PoleschukKR.Sprint5.Task0.V22.csproj", "{2558E45E-3F1E-44E3-9106-0A46E38D3440}"
EndProject
Project("{FAE04EC0-301F-11D3-BF4B-00C04F79EFBC}") = "Tyuiu.PoleschukKR.Sprint5.Task0.V22.Lib", "Tyuiu.PoleschukKR.Sprint5.Task0.V22.Lib\Tyuiu.PoleschukKR.Sprint5.Task0.V22.Lib.csproj", "{2AE790B2-346C-4D33-B09B-AAA068B9A239}"
EndProject
Project("{FAE04EC0-301F-11D3-BF4B-00C04F79EFBC}") = "Tyuiu.PoleschukKR.Sprint5.Task0.V22.Test", "Tyuiu.PoleschukKR.Sprint5.Task0.V22.Test\Tyuiu.PoleschukKR.Sprint5.Task0.V22.Test.csproj", "{B3862EE4-6600-4640-B5F4-0BB690C54E2F}"
EndProject
Project("{2150E333-8FDC-42A3-9474-1A3956D46DE8}") = "Task1", "Task1", "{BD0266BD-284B-4550-9A4C-17A696EB6297}"
EndProject
Project("{FAE04EC0-301F-11D3-BF4B-00C04F79EFBC}") = "Tyuiu.PoleschukKR.Sprint5.Task1.V15", "Tyuiu.PoleschukKR.Sprint5.Task1.V15\Tyuiu.PoleschukKR.Sprint5.Task1.V15.csproj", "{B294C67E-8E0D-474B-856D-721F7386C3F2}"
EndProject
Project("{FAE04EC0-301F-11D3-BF4B-00C04F79EFBC}") = "Tyuiu.PoleschukKR.Sprint5.Task1.V15.Lib", "Tyuiu.PoleschukKR.Sprint5.Task1.V15.Lib\Tyuiu.PoleschukKR.Sprint5.Task1.V15.Lib.csproj", "{5E06350A-B192-4571-B1AA-E92A44C68284}"
EndProject
Project("{FAE04EC0-301F-11D3-BF4B-00C04F79EFBC}") = "Tyuiu.PoleschukKR.Sprint5.Task1.V15.Test", "Tyuiu.PoleschukKR.Sprint5.Task1.V15.Test\Tyuiu.PoleschukKR.Sprint5.Task1.V15.Test.csproj", "{832E3A65-AA2F-46F3-ACE9-4C8F22CC039C}"
EndProject
Project("{2150E333-8FDC-42A3-9474-1A3956D46DE8}") = "Task2", "Task2", "{97BBCCB9-0180-4751-85D3-7E68FCB0CBE0}"
EndProject
Project("{FAE04EC0-301F-11D3-BF4B-00C04F79EFBC}") = "Tyuiu.PoleschukKR.Sprint5.Task2.V15", "Tyuiu.PoleschukKR.Sprint5.Task2.V15\Tyuiu.PoleschukKR.Sprint5.Task2.V15.csproj", "{23F104EC-1A93-46D3-AD7B-C51C2D937E89}"
EndProject
Project("{FAE04EC0-301F-11D3-BF4B-00C04F79EFBC}") = "Tyuiu.PoleschukKR.Sprint5.Task2.V15.Lib", "Tyuiu.PoleschukKR.Sprint5.Task2.V15.Lib\Tyuiu.PoleschukKR.Sprint5.Task2.V15.Lib.csproj", "{B7117B07-BF9F-46A4-99E5-86EBF99DBAC2}"
EndProject
Project("{FAE04EC0-301F-11D3-BF4B-00C04F79EFBC}") = "Tyuiu.PoleschukKR.Sprint5.Task2.V15.Test", "Tyuiu.PoleschukKR.Sprint5.Task2.V15.Test\Tyuiu.PoleschukKR.Sprint5.Task2.V15.Test.csproj", "{15335500-EE4A-47F8-998F-079BE28C7237}"
EndProject
Project("{2150E333-8FDC-42A3-9474-1A3956D46DE8}") = "Task3", "Task3", "{6F8E9652-2AF5-4ED8-A623-F948CE1B8D24}"
EndProject
Project("{FAE04EC0-301F-11D3-BF4B-00C04F79EFBC}") = "Tyuiu.PoleschukKR.Sprint5.Task3.V17", "Tyuiu.PoleschukKR.Sprint5.Task3.V17\Tyuiu.PoleschukKR.Sprint5.Task3.V17.csproj", "{3E980F22-DBB6-49EF-BF33-C16D715110CC}"
EndProject
Project("{FAE04EC0-301F-11D3-BF4B-00C04F79EFBC}") = "Tyuiu.PoleschukKR.Sprint5.Task3.V17.Lib", "Tyuiu.PoleschukKR.Sprint5.Task3.V17.Lib\Tyuiu.PoleschukKR.Sprint5.Task3.V17.Lib.csproj", "{845B02A8-C252-47E4-A2AC-51B03DE9AEB0}"
EndProject
Project("{FAE04EC0-301F-11D3-BF4B-00C04F79EFBC}") = "Tyuiu.PoleschukKR.Sprint5.Task3.V17.Test", "Tyuiu.PoleschukKR.Sprint5.Task3.V17.Test\Tyuiu.PoleschukKR.Sprint5.Task3.V17.Test.csproj", "{75967F2F-7763-44E4-8EC5-9F0F37A7E37D}"
EndProject
Project("{2150E333-8FDC-42A3-9474-1A3956D46DE8}") = "Task4", "Task4", "{1343E893-5634-4506-918B-12EC4E1935A9}"
EndProject
Project("{FAE04EC0-301F-11D3-BF4B-00C04F79EFBC}") = "Tyuiu.PoleschukKR.Sprint5.Task4.V22", "Tyuiu.PoleschukKR.Sprint5.Task4.V22\Tyuiu.PoleschukKR.Sprint5.Task4.V22.csproj", "{235C2A1F-431F-4EA3-8329-50990A7C4A28}"
EndProject
Project("{FAE04EC0-301F-11D3-BF4B-00C04F79EFBC}") = "Tyuiu.PoleschukKR.Sprint5.Task4.V22.Lib", "Tyuiu.PoleschukKR.Sprint5.Task4.V22.Lib\Tyuiu.PoleschukKR.Sprint5.Task4.V22.Lib.csproj", "{EDC18751-F4AF-43A0-88C9-5A0C848C6899}"
EndProject
Project("{FAE04EC0-301F-11D3-BF4B-00C04F79EFBC}") = "Tyuiu.PoleschukKR.Sprint5.Task4.V22.Test", "Tyuiu.PoleschukKR.Sprint5.Task4.V22.Test\Tyuiu.PoleschukKR.Sprint5.Task4.V22.Test.csproj", "{B1451640-93AD-4CC6-AA7F-0CB9181DE57D}"
EndProject
Project("{2150E333-8FDC-42A3-9474-1A3956D46DE8}") = "Task5", "Task5", "{269D9F52-E736-411A-B95E-2134808F9689}"
EndProject
Project("{FAE04EC0-301F-11D3-BF4B-00C04F79EFBC}") = "Tyuiu.PoleschukKR.Sprint5.Task5.V15", "Tyuiu.PoleschukKR.Sprint5.Task5.V15\Tyuiu.PoleschukKR.Sprint5.Task5.V15.csproj", "{A39C54E4-E9B0-43E9-ADB5-2C4032BFD2A9}"
EndProject
Project("{FAE04EC0-301F-11D3-BF4B-00C04F79EFBC}") = "Tyuiu.PoleschukKR.Sprint5.Task5.V15.Lib", "Tyuiu.PoleschukKR.Sprint5.Task5.V15.Lib\Tyuiu.PoleschukKR.Sprint5.Task5.V15.Lib.csproj", "{33B26600-1F6F-4CC0-863C-D4C40B1003C1}"
EndProject
Project("{FAE04EC0-301F-11D3-BF4B-00C04F79EFBC}") = "Tyuiu.PoleschukKR.Sprint5.Task5.V15.Test", "Tyuiu.PoleschukKR.Sprint5.Task5.V15.Test\Tyuiu.PoleschukKR.Sprint5.Task5.V15.Test.csproj", "{034A82CE-434A-4389-A582-9D00D02F92C5}"
EndProject
Project("{2150E333-8FDC-42A3-9474-1A3956D46DE8}") = "Task6", "Task6", "{C4A3DF97-4EB2-4D51-A48C-DA78FA872AEE}"
EndProject
Project("{FAE04EC0-301F-11D3-BF4B-00C04F79EFBC}") = "Tyuiu.PoleschukKR.Sprint5.Task6.V23", "Tyuiu.PoleschukKR.Sprint5.Task6.V23\Tyuiu.PoleschukKR.Sprint5.Task6.V23.csproj", "{0A9EA391-E377-4DBB-B5C2-8B7DA47D2196}"
EndProject
Project("{FAE04EC0-301F-11D3-BF4B-00C04F79EFBC}") = "Tyuiu.PoleschukKR.Sprint5.Task6.V23.Lib", "Tyuiu.PoleschukKR.Sprint5.Task6.V23.Lib\Tyuiu.PoleschukKR.Sprint5.Task6.V23.Lib.csproj", "{520F6C91-4FAF-4A8D-AF01-E8C1110C1A05}"
EndProject
Project("{FAE04EC0-301F-11D3-BF4B-00C04F79EFBC}") = "Tyuiu.PoleschukKR.Sprint5.Task6.V23.Test", "Tyuiu.PoleschukKR.Sprint5.Task6.V23.Test\Tyuiu.PoleschukKR.Sprint5.Task6.V23.Test.csproj", "{031315E2-3B60-442D-A325-B8AFB711AEA3}"
EndProject
Global
	GlobalSection(SolutionConfigurationPlatforms) = preSolution
		Debug|Any CPU = Debug|Any CPU
		Release|Any CPU = Release|Any CPU
	EndGlobalSection
	GlobalSection(ProjectConfigurationPlatforms) = postSolution
		{2558E45E-3F1E-44E3-9106-0A46E38D3440}.Debug|Any CPU.ActiveCfg = Debug|Any CPU
		{2558E45E-3F1E-44E3-9106-0A46E38D3440}.Debug|Any CPU.Build.0 = Debug|Any CPU
		{2558E45E-3F1E-44E3-9106-0A46E38D3440}.Release|Any CPU.ActiveCfg = Release|Any CPU
		{2558E45E-3F1E-44E3-9106-0A46E38D3440}.Release|Any CPU.Build.0 = Release|Any CPU
		{2AE790B2-346C-4D33-B09B-AAA068B9A239}.Debug|Any CPU.ActiveCfg = Debug|Any CPU
		{2AE790B2-346C-4D33-B09B-AAA068B9A239}.Debug|Any CPU.Build.0 = Debug|Any CPU
		{2AE790B2-346C-4D33-B09B-AAA068B9A239}.Release|Any CPU.ActiveCfg = Release|Any CPU
		{2AE790B2-346C-4D33-B09B-AAA068B9A239}.Release|Any CPU.Build.0 = Release|Any CPU
		{B3862EE4-6600-4640-B5F4-0BB690C54E2F}.Debug|Any CPU.ActiveCfg = Debug|Any CPU
		{B3862EE4-6600-4640-B5F4-0BB690C54E2F}.Debug|Any CPU.Build.0 = Debug|Any CPU
		{B3862EE4-6600-4640-B5F4-0BB690C54E2F}.Release|Any CPU.ActiveCfg = Release|Any CPU
		{B3862EE4-6600-4640-B5F4-0BB690C54E2F}.Release|Any CPU.Build.0 = Release|Any CPU
		{B294C67E-8E0D-474B-856D-721F7386C3F2}.Debug|Any CPU.ActiveCfg = Debug|Any CPU
		{B294C67E-8E0D-474B-856D-721F7386C3F2}.Debug|Any CPU.Build.0 = Debug|Any CPU
		{B294C67E-8E0D-474B-856D-721F7386C3F2}.Release|Any CPU.ActiveCfg = Release|Any CPU
		{B294C67E-8E0D-474B-856D-721F7386C3F2}.Release|Any CPU.Build.0 = Release|Any CPU
		{5E06350A-B192-4571-B1AA-E92A44C68284}.Debug|Any CPU.ActiveCfg = Debug|Any CPU
		{5E06350A-B192-4571-B1AA-E92A44C68284}.Debug|Any CPU.Build.0 = Debug|Any CPU
		{5E06350A-B192-4571-B1AA-E92A44C68284}.Release|Any CPU.ActiveCfg = Release|Any CPU
		{5E06350A-B192-4571-B1AA-E92A44C68284}.Release|Any CPU.Build.0 = Release|Any CPU
		{832E3A65-AA2F-46F3-ACE9-4C8F22CC039C}.Debug|Any CPU.ActiveCfg = Debug|Any CPU
		{832E3A65-AA2F-46F3-ACE9-4C8F22CC039C}.Debug|Any CPU.Build.0 = Debug|Any CPU
		{832E3A65-AA2F-46F3-ACE9-4C8F22CC039C}.Release|Any CPU.ActiveCfg = Release|Any CPU
		{832E3A65-AA2F-46F3-ACE9-4C8F22CC039C}.Release|Any CPU.Build.0 = Release|Any CPU
		{23F104EC-1A93-46D3-AD7B-C51C2D937E89}.Debug|Any CPU.ActiveCfg = Debug|Any CPU
		{23F104EC-1A93-46D3-AD7B-C51C2D937E89}.Debug|Any CPU.Build.0 = Debug|Any CPU
		{23F104EC-1A93-46D3-AD7B-C51C2D937E89}.Release|Any CPU.ActiveCfg = Release|Any CPU
		{23F104EC-1A93-46D3-AD7B-C51C2D937E89}.Release|Any CPU.Build.0 = Release|Any CPU
		{B7117B07-BF9F-46A4-99E5-86EBF99DBAC2}.Debug|Any CPU.ActiveCfg = Debug|Any CPU
		{B7117B07-BF9F-46A4-99E5-86EBF99DBAC2}.Debug|Any CPU.Build.0 = Debug|Any CPU
		{B7117B07-BF9F-46A4-99E5-86EBF99DBAC2}.Release|Any CPU.ActiveCfg = Release|Any CPU
		{B7117B07-BF9F-46A4-99E5-86EBF99DBAC2}.Release|Any CPU.Build.0 = Release|Any CPU
		{15335500-EE4A-47F8-998F-079BE28C7237}.Debug|Any CPU.ActiveCfg = Debug|Any CPU
		{15335500-EE4A-47F8-998F-079BE28C7237}.Debug|Any CPU.Build.0 = Debug|Any CPU
		{15335500-EE4A-47F8-998F-079BE28C7237}.Release|Any CPU.ActiveCfg = Release|Any CPU
		{15335500-EE4A-47F8-998F-079BE28C7237}.Release|Any CPU.Build.0 = Release|Any CPU
		{3E980F22-DBB6-49EF-BF33-C16D715110CC}.Debug|Any CPU.ActiveCfg = Debug|Any CPU
		{3E980F22-DBB6-49EF-BF33-C16D715110CC}.Debug|Any CPU.Build.0 = Debug|Any CPU
		{3E980F22-DBB6-49EF-BF33-C16D715110CC}.Release|Any CPU.ActiveCfg = Release|Any CPU
		{3E980F22-DBB6-49EF-BF33-C16D715110CC}.Release|Any CPU.Build.0 = Release|Any CPU
		{845B02A8-C252-47E4-A2AC-51B03DE9AEB0}.Debug|Any CPU.ActiveCfg = Debug|Any CPU
		{845B02A8-C252-47E4-A2AC-51B03DE9AEB0}.Debug|Any CPU.Build.0 = Debug|Any CPU
		{845B02A8-C252-47E4-A2AC-51B03DE9AEB0}.Release|Any CPU.ActiveCfg = Release|Any CPU
		{845B02A8-C252-47E4-A2AC-51B03DE9AEB0}.Release|Any CPU.Build.0 = Release|Any CPU
		{75967F2F-7763-44E4-8EC5-9F0F37A7E37D}.Debug|Any CPU.ActiveCfg = Debug|Any CPU
		{75967F2F-7763-44E4-8EC5-9F0F37A7E37D}.Debug|Any CPU.Build.0 = Debug|Any CPU
		{75967F2F-7763-44E4-8EC5-9F0F37A7E37D}.Release|Any CPU.ActiveCfg = Release|Any CPU
		{75967F2F-7763-44E4-8EC5-9F0F37A7E37D}.Release|Any CPU.Build.0 = Release|Any CPU
		{235C2A1F-431F-4EA3-8329-50990A7C4A28}.Debug|Any CPU.ActiveCfg = Debug|Any CPU
		{235C2A1F-431F-4EA3-8329-50990A7C4A28}.Debug|Any CPU.Build.0 = Debug|Any CPU
		{235C2A1F-431F-4EA3-8329-50990A7C4A28}.Release|Any CPU.ActiveCfg = Release|Any CPU
		{235C2A1F-431F-4EA3-8329-50990A7C4A28}.Release|Any CPU.Build.0 = Release|Any CPU
		{EDC18751-F4AF-43A0-88C9-5A0C848C6899}.Debug|Any CPU.ActiveCfg = Debug|Any CPU
		{EDC18751-F4AF-43A0-88C9-5A0C848C6899}.Debug|Any CPU.Build.0 = Debug|Any CPU
		{EDC18751-F4AF-43A0-88C9-5A0C848C6899}.Release|Any CPU.ActiveCfg = Release|Any CPU
		{EDC18751-F4AF-43A0-88C9-5A0C848C6899}.Release|Any CPU.Build.0 = Release|Any CPU
		{B1451640-93AD-4CC6-AA7F-0CB9181DE57D}.Debug|Any CPU.ActiveCfg = Debug|Any CPU
		{B1451640-93AD-4CC6-AA7F-0CB9181DE57D}.Debug|Any CPU.Build.0 = Debug|Any CPU
		{B1451640-93AD-4CC6-AA7F-0CB9181DE57D}.Release|Any CPU.ActiveCfg = Release|Any CPU
		{B1451640-93AD-4CC6-AA7F-0CB9181DE57D}.Release|Any CPU.Build.0 = Release|Any CPU
		{A39C54E4-E9B0-43E9-ADB5-2C4032BFD2A9}.Debug|Any CPU.ActiveCfg = Debug|Any CPU
		{A39C54E4-E9B0-43E9-ADB5-2C4032BFD2A9}.Debug|Any CPU.Build.0 = Debug|Any CPU
		{A39C54E4-E9B0-43E9-ADB5-2C4032BFD2A9}.Release|Any CPU.ActiveCfg = Release|Any CPU
		{A39C54E4-E9B0-43E9-ADB5-2C4032BFD2A9}.Release|Any CPU.Build.0 = Release|Any CPU
		{33B26600-1F6F-4CC0-863C-D4C40B1003C1}.Debug|Any CPU.ActiveCfg = Debug|Any CPU
		{33B26600-1F6F-4CC0-863C-D4C40B1003C1}.Debug|Any CPU.Build.0 = Debug|Any CPU
		{33B26600-1F6F-4CC0-863C-D4C40B1003C1}.Release|Any CPU.ActiveCfg = Release|Any CPU
		{33B26600-1F6F-4CC0-863C-D4C40B1003C1}.Release|Any CPU.Build.0 = Release|Any CPU
		{034A82CE-434A-4389-A582-9D00D02F92C5}.Debug|Any CPU.ActiveCfg = Debug|Any CPU
		{034A82CE-434A-4389-A582-9D00D02F92C5}.Debug|Any CPU.Build.0 = Debug|Any CPU
		{034A82CE-434A-4389-A582-9D00D02F92C5}.Release|Any CPU.ActiveCfg = Release|Any CPU
		{034A82CE-434A-4389-A582-9D00D02F92C5}.Release|Any CPU.Build.0 = Release|Any CPU
		{0A9EA391-E377-4DBB-B5C2-8B7DA47D2196}.Debug|Any CPU.ActiveCfg = Debug|Any CPU
		{0A9EA391-E377-4DBB-B5C2-8B7DA47D2196}.Debug|Any CPU.Build.0 = Debug|Any CPU
		{0A9EA391-E377-4DBB-B5C2-8B7DA47D2196}.Release|Any CPU.ActiveCfg = Release|Any CPU
		{0A9EA391-E377-4DBB-B5C2-8B7DA47D2196}.Release|Any CPU.Build.0 = Release|Any CPU
		{520F6C91-4FAF-4A8D-AF01-E8C1110C1A05}.Debug|Any CPU.ActiveCfg = Debug|Any CPU
		{520F6C91-4FAF-4A8D-AF01-E8C1110C1A05}.Debug|Any CPU.Build.0 = Debug|Any CPU
		{520F6C91-4FAF-4A8D-AF01-E8C1110C1A05}.Release|Any CPU.ActiveCfg = Release|Any CPU
		{520F6C91-4FAF-4A8D-AF01-E8C1110C1A05}.Release|Any CPU.Build.0 = Release|Any CPU
		{031315E2-3B60-442D-A325-B8AFB711AEA3}.Debug|Any CPU.ActiveCfg = Debug|Any CPU
		{031315E2-3B60-442D-A325-B8AFB711AEA3}.Debug|Any CPU.Build.0 = Debug|Any CPU
		{031315E2-3B60-442D-A325-B8AFB711AEA3}.Release|Any CPU.ActiveCfg = Release|Any CPU
		{031315E2-3B60-442D-A325-B8AFB711AEA3}.Release|Any CPU.Build.0 = Release|Any CPU
	EndGlobalSection
	GlobalSection(SolutionProperties) = preSolution
		HideSolutionNode = FALSE
	EndGlobalSection
	GlobalSection(NestedProjects) = preSolution
		{2558E45E-3F1E-44E3-9106-0A46E38D3440} = {2A494301-9C87-4A21-A93E-BD24812D4184}
		{2AE790B2-346C-4D33-B09B-AAA068B9A239} = {2A494301-9C87-4A21-A93E-BD24812D4184}
		{B3862EE4-6600-4640-B5F4-0BB690C54E2F} = {2A494301-9C87-4A21-A93E-BD24812D4184}
		{B294C67E-8E0D-474B-856D-721F7386C3F2} = {BD0266BD-284B-4550-9A4C-17A696EB6297}
		{5E06350A-B192-4571-B1AA-E92A44C68284} = {BD0266BD-284B-4550-9A4C-17A696EB6297}
		{832E3A65-AA2F-46F3-ACE9-4C8F22CC039C} = {BD0266BD-284B-4550-9A4C-17A696EB6297}
		{23F104EC-1A93-46D3-AD7B-C51C2D937E89} = {97BBCCB9-0180-4751-85D3-7E68FCB0CBE0}
		{B7117B07-BF9F-46A4-99E5-86EBF99DBAC2} = {97BBCCB9-0180-4751-85D3-7E68FCB0CBE0}
		{15335500-EE4A-47F8-998F-079BE28C7237} = {97BBCCB9-0180-4751-85D3-7E68FCB0CBE0}
		{3E980F22-DBB6-49EF-BF33-C16D715110CC} = {6F8E9652-2AF5-4ED8-A623-F948CE1B8D24}
		{845B02A8-C252-47E4-A2AC-51B03DE9AEB0} = {6F8E9652-2AF5-4ED8-A623-F948CE1B8D24}
		{75967F2F-7763-44E4-8EC5-9F0F37A7E37D} = {6F8E9652-2AF5-4ED8-A623-F948CE1B8D24}
		{235C2A1F-431F-4EA3-8329-50990A7C4A28} = {1343E893-5634-4506-918B-12EC4E1935A9}
		{EDC18751-F4AF-43A0-88C9-5A0C848C6899} = {1343E893-5634-4506-918B-12EC4E1935A9}
		{B1451640-93AD-4CC6-AA7F-0CB9181DE57D} = {1343E893-5634-4506-918B-12EC4E1935A9}
		{A39C54E4-E9B0-43E9-ADB5-2C4032BFD2A9} = {269D9F52-E736-411A-B95E-2134808F9689}
		{33B26600-1F6F-4CC0-863C-D4C40B1003C1} = {269D9F52-E736-411A-B95E-2134808F9689}
		{034A82CE-434A-4389-A582-9D00D02F92C5} = {269D9F52-E736-411A-B95E-2134808F9689}
		{0A9EA391-E377-4DBB-B5C2-8B7DA47D2196} = {C4A3DF97-4EB2-4D51-A48C-DA78FA872AEE}
		{520F6C91-4FAF-4A8D-AF01-E8C1110C1A05} = {C4A3DF97-4EB2-4D51-A48C-DA78FA872AEE}
		{031315E2-3B60-442D-A325-B8AFB711AEA3} = {C4A3DF97-4EB2-4D51-A48C-DA78FA872AEE}
	EndGlobalSection
	GlobalSection(ExtensibilityGlobals) = postSolution
		SolutionGuid = {202B824F-F80C-4334-8AC1-89C61B8749C1}
	EndGlobalSection
EndGlobal
